
Microsoft Visual Studio Solution File, Format Version 12.00
# Visual Studio 15
VisualStudioVersion = 15.0.28307.421
MinimumVisualStudioVersion = 10.0.40219.1
Project("{FAE04EC0-301F-11D3-BF4B-00C04F79EFBC}") = "MantisBugTracker", "MantisBugTracker.csproj", "{13604653-689A-4669-A6BC-614CFB0A2C7E}"
EndProject
Global
	GlobalSection(SolutionConfigurationPlatforms) = preSolution
		Debug|Any CPU = Debug|Any CPU
		Release|Any CPU = Release|Any CPU
	EndGlobalSection
	GlobalSection(ProjectConfigurationPlatforms) = postSolution
		{13604653-689A-4669-A6BC-614CFB0A2C7E}.Debug|Any CPU.ActiveCfg = Debug|Any CPU
		{13604653-689A-4669-A6BC-614CFB0A2C7E}.Debug|Any CPU.Build.0 = Debug|Any CPU
		{13604653-689A-4669-A6BC-614CFB0A2C7E}.Release|Any CPU.ActiveCfg = Release|Any CPU
		{13604653-689A-4669-A6BC-614CFB0A2C7E}.Release|Any CPU.Build.0 = Release|Any CPU
	EndGlobalSection
	GlobalSection(SolutionProperties) = preSolution
		HideSolutionNode = FALSE
	EndGlobalSection
	GlobalSection(ExtensibilityGlobals) = postSolution
		SolutionGuid = {634158F8-3AC4-45E5-9183-FAFFD5210757}
	EndGlobalSection
EndGlobal
